
Microsoft Visual Studio Solution File, Format Version 12.00
# Visual Studio Version 17
VisualStudioVersion = 17.5.33414.496
MinimumVisualStudioVersion = 10.0.40219.1
Project("{888888A0-9F3D-457C-B088-3A5042F75D52}") = "Introduction to Python", "Introduction to Python\Introduction to Python.pyproj", "{9729816D-4437-4CB2-988C-890662CE9988}"
EndProject
Global
	GlobalSection(SolutionConfigurationPlatforms) = preSolution
		Debug|Any CPU = Debug|Any CPU
		Release|Any CPU = Release|Any CPU
	EndGlobalSection
	GlobalSection(ProjectConfigurationPlatforms) = postSolution
		{9729816D-4437-4CB2-988C-890662CE9988}.Debug|Any CPU.ActiveCfg = Debug|Any CPU
		{9729816D-4437-4CB2-988C-890662CE9988}.Release|Any CPU.ActiveCfg = Release|Any CPU
	EndGlobalSection
	GlobalSection(SolutionProperties) = preSolution
		HideSolutionNode = FALSE
	EndGlobalSection
	GlobalSection(ExtensibilityGlobals) = postSolution
		SolutionGuid = {54137C8F-AB36-4790-A91B-DEC7CA0B4F64}
	EndGlobalSection
EndGlobal
